<Solution>
  <Folder Name="/Gateway/">
    <Project Path="APIGateway/APIGateway.csproj" Id="9da0fedf-adf1-4b6e-afa5-63483338c6cd" />
  </Folder>
  <Folder Name="/Service/">
    <Project Path="AuthService/AuthService.csproj" Id="45ecb44d-c7e9-4e02-95ec-8f64d94e39ef" />
    <Project Path="BusinessService/BusinessService.csproj" Id="6613d056-6a6d-49b4-b676-84b09d685208" />
    <Project Path="OrderService/OrderService.csproj" Id="dd7519f3-62d7-4f81-bae3-dea44b7ef3a3" />
    <Project Path="PaymentService/PaymentService.csproj" Id="b0f9c3bd-a028-42d3-a9ed-3772833ca75c" />
    <Project Path="ProductCatalogService/ProductCatalogService.csproj" Id="cf02ce91-214e-4467-9a4e-8e1f5e04d800" />
    <Project Path="RelationshipService/RelationshipService.csproj" Id="6808b906-2bd0-43ee-8985-9cf6c161f7f1" />
    <Project Path="ShoppingCartService/ShoppingCartService.csproj" Id="bed4dd90-4010-4388-b1a4-508186feaf9d" />
  </Folder>
  <Folder Name="/Shared/">
    <Project Path="Common/Common.csproj" Id="cb460a36-3cc8-4b46-8f36-53b0525ce05d" />
    <Project Path="Contracts/Contracts.csproj" Id="f8fb7558-4a7c-4b5d-a620-58fb7bcfc20e" />
    <Project Path="Infrastructure/Infrastructure.csproj" Id="c25d6789-c7e5-4750-ad6f-6350d8ac0600" />
  </Folder>
</Solution>
